
Microsoft Visual Studio Solution File, Format Version 12.00
# Visual Studio Version 17
VisualStudioVersion = 17.2.32516.85
MinimumVisualStudioVersion = 10.0.40219.1
Project("{FAE04EC0-301F-11D3-BF4B-00C04F79EFBC}") = "WebNotesApi", "WebNotesApi\WebNotesApi.csproj", "{84E5316B-9D33-403E-ABCB-D49471C2B18A}"
EndProject
Global
	GlobalSection(SolutionConfigurationPlatforms) = preSolution
		Debug|Any CPU = Debug|Any CPU
		Release|Any CPU = Release|Any CPU
	EndGlobalSection
	GlobalSection(ProjectConfigurationPlatforms) = postSolution
		{84E5316B-9D33-403E-ABCB-D49471C2B18A}.Debug|Any CPU.ActiveCfg = Debug|Any CPU
		{84E5316B-9D33-403E-ABCB-D49471C2B18A}.Debug|Any CPU.Build.0 = Debug|Any CPU
		{84E5316B-9D33-403E-ABCB-D49471C2B18A}.Release|Any CPU.ActiveCfg = Release|Any CPU
		{84E5316B-9D33-403E-ABCB-D49471C2B18A}.Release|Any CPU.Build.0 = Release|Any CPU
	EndGlobalSection
	GlobalSection(SolutionProperties) = preSolution
		HideSolutionNode = FALSE
	EndGlobalSection
	GlobalSection(ExtensibilityGlobals) = postSolution
		SolutionGuid = {27C06798-DC22-428A-9FE3-6BC98FE8194A}
	EndGlobalSection
EndGlobal
